// !$*UTF8*$!
{
	archiveVersion = 1;
	classes = {
	};
	objectVersion = 46;
	objects = {

/* Begin PBXBuildFile section */
		A2703D9A1B5D5EA30067A054 /* AppDelegate.swift in Sources */ = {isa = PBXBuildFile; fileRef = A2703D991B5D5EA30067A054 /* AppDelegate.swift */; };
		A2703D9C1B5D5EA30067A054 /* ViewController.swift in Sources */ = {isa = PBXBuildFile; fileRef = A2703D9B1B5D5EA30067A054 /* ViewController.swift */; };
		A2703D9F1B5D5EA30067A054 /* Main.storyboard in Resources */ = {isa = PBXBuildFile; fileRef = A2703D9D1B5D5EA30067A054 /* Main.storyboard */; };
		A2703DA11B5D5EA30067A054 /* Images.xcassets in Resources */ = {isa = PBXBuildFile; fileRef = A2703DA01B5D5EA30067A054 /* Images.xcassets */; };
		A2703DA41B5D5EA30067A054 /* LaunchScreen.xib in Resources */ = {isa = PBXBuildFile; fileRef = A2703DA21B5D5EA30067A054 /* LaunchScreen.xib */; };
		A2703DB01B5D5EA30067A054 /* BasicCustomKeyboardTests.swift in Sources */ = {isa = PBXBuildFile; fileRef = A2703DAF1B5D5EA30067A054 /* BasicCustomKeyboardTests.swift */; };
		A2703DC21B5D5F350067A054 /* KeyboardViewController.swift in Sources */ = {isa = PBXBuildFile; fileRef = A2703DC11B5D5F350067A054 /* KeyboardViewController.swift */; };
		A2703DC51B5D5F350067A054 /* BasicKeyboard.appex in Embed App Extensions */ = {isa = PBXBuildFile; fileRef = A2703DBD1B5D5F350067A054 /* BasicKeyboard.appex */; settings = {ATTRIBUTES = (RemoveHeadersOnCopy, ); }; };
/* End PBXBuildFile section */

/* Begin PBXContainerItemProxy section */
		A2703DAA1B5D5EA30067A054 /* PBXContainerItemProxy */ = {
			isa = PBXContainerItemProxy;
			containerPortal = A2703D8C1B5D5EA30067A054 /* Project object */;
			proxyType = 1;
			remoteGlobalIDString = A2703D931B5D5EA30067A054;
			remoteInfo = BasicCustomKeyboard;
		};
		A2703DC31B5D5F350067A054 /* PBXContainerItemProxy */ = {
			isa = PBXContainerItemProxy;
			containerPortal = A2703D8C1B5D5EA30067A054 /* Project object */;
			proxyType = 1;
			remoteGlobalIDString = A2703DBC1B5D5F350067A054;
			remoteInfo = BasicKeyboard;
		};
/* End PBXContainerItemProxy section */

/* Begin PBXCopyFilesBuildPhase section */
		A2703DC91B5D5F350067A054 /* Embed App Extensions */ = {
			isa = PBXCopyFilesBuildPhase;
			buildActionMask = 2147483647;
			dstPath = "";
			dstSubfolderSpec = 13;
			files = (
				A2703DC51B5D5F350067A054 /* BasicKeyboard.appex in Embed App Extensions */,
			);
			name = "Embed App Extensions";
			runOnlyForDeploymentPostprocessing = 0;
		};
/* End PBXCopyFilesBuildPhase section */

/* Begin PBXFileReference section */
		A2703D941B5D5EA30067A054 /* BasicCustomKeyboard.app */ = {isa = PBXFileReference; explicitFileType = wrapper.application; includeInIndex = 0; path = BasicCustomKeyboard.app; sourceTree = BUILT_PRODUCTS_DIR; };
		A2703D981B5D5EA30067A054 /* Info.plist */ = {isa = PBXFileReference; lastKnownFileType = text.plist.xml; path = Info.plist; sourceTree = "<group>"; };
		A2703D991B5D5EA30067A054 /* AppDelegate.swift */ = {isa = PBXFileReference; lastKnownFileType = sourcecode.swift; path = AppDelegate.swift; sourceTree = "<group>"; };
		A2703D9B1B5D5EA30067A054 /* ViewController.swift */ = {isa = PBXFileReference; lastKnownFileType = sourcecode.swift; path = ViewController.swift; sourceTree = "<group>"; };
		A2703D9E1B5D5EA30067A054 /* Base */ = {isa = PBXFileReference; lastKnownFileType = file.storyboard; name = Base; path = Base.lproj/Main.storyboard; sourceTree = "<group>"; };
		A2703DA01B5D5EA30067A054 /* Images.xcassets */ = {isa = PBXFileReference; lastKnownFileType = folder.assetcatalog; path = Images.xcassets; sourceTree = "<group>"; };
		A2703DA31B5D5EA30067A054 /* Base */ = {isa = PBXFileReference; lastKnownFileType = file.xib; name = Base; path = Base.lproj/LaunchScreen.xib; sourceTree = "<group>"; };
		A2703DA91B5D5EA30067A054 /* BasicCustomKeyboardTests.xctest */ = {isa = PBXFileReference; explicitFileType = wrapper.cfbundle; includeInIndex = 0; path = BasicCustomKeyboardTests.xctest; sourceTree = BUILT_PRODUCTS_DIR; };
		A2703DAE1B5D5EA30067A054 /* Info.plist */ = {isa = PBXFileReference; lastKnownFileType = text.plist.xml; path = Info.plist; sourceTree = "<group>"; };
		A2703DAF1B5D5EA30067A054 /* BasicCustomKeyboardTests.swift */ = {isa = PBXFileReference; lastKnownFileType = sourcecode.swift; path = BasicCustomKeyboardTests.swift; sourceTree = "<group>"; };
		A2703DBD1B5D5F350067A054 /* BasicKeyboard.appex */ = {isa = PBXFileReference; explicitFileType = "wrapper.app-extension"; includeInIndex = 0; path = BasicKeyboard.appex; sourceTree = BUILT_PRODUCTS_DIR; };
		A2703DC01B5D5F350067A054 /* Info.plist */ = {isa = PBXFileReference; lastKnownFileType = text.plist.xml; path = Info.plist; sourceTree = "<group>"; };
		A2703DC11B5D5F350067A054 /* KeyboardViewController.swift */ = {isa = PBXFileReference; lastKnownFileType = sourcecode.swift; path = KeyboardViewController.swift; sourceTree = "<group>"; };
/* End PBXFileReference section */

/* Begin PBXFrameworksBuildPhase section */
		A2703D911B5D5EA30067A054 /* Frameworks */ = {
			isa = PBXFrameworksBuildPhase;
			buildActionMask = 2147483647;
			files = (
			);
			runOnlyForDeploymentPostprocessing = 0;
		};
		A2703DA61B5D5EA30067A054 /* Frameworks */ = {
			isa = PBXFrameworksBuildPhase;
			buildActionMask = 2147483647;
			files = (
			);
			runOnlyForDeploymentPostprocessing = 0;
		};
		A2703DBA1B5D5F350067A054 /* Frameworks */ = {
			isa = PBXFrameworksBuildPhase;
			buildActionMask = 2147483647;
			files = (
			);
			runOnlyForDeploymentPostprocessing = 0;
		};
/* End PBXFrameworksBuildPhase section */

/* Begin PBXGroup section */
		A2703D8B1B5D5EA30067A054 = {
			isa = PBXGroup;
			children = (
				A2703D961B5D5EA30067A054 /* BasicCustomKeyboard */,
				A2703DAC1B5D5EA30067A054 /* BasicCustomKeyboardTests */,
				A2703DBE1B5D5F350067A054 /* BasicKeyboard */,
				A2703D951B5D5EA30067A054 /* Products */,
			);
			sourceTree = "<group>";
		};
		A2703D951B5D5EA30067A054 /* Products */ = {
			isa = PBXGroup;
			children = (
				A2703D941B5D5EA30067A054 /* BasicCustomKeyboard.app */,
				A2703DA91B5D5EA30067A054 /* BasicCustomKeyboardTests.xctest */,
				A2703DBD1B5D5F350067A054 /* BasicKeyboard.appex */,
			);
			name = Products;
			sourceTree = "<group>";
		};
		A2703D961B5D5EA30067A054 /* BasicCustomKeyboard */ = {
			isa = PBXGroup;
			children = (
				A2703D991B5D5EA30067A054 /* AppDelegate.swift */,
				A2703D9B1B5D5EA30067A054 /* ViewController.swift */,
				A2703D9D1B5D5EA30067A054 /* Main.storyboard */,
				A2703DA01B5D5EA30067A054 /* Images.xcassets */,
				A2703DA21B5D5EA30067A054 /* LaunchScreen.xib */,
				A2703D971B5D5EA30067A054 /* Supporting Files */,
			);
			path = BasicCustomKeyboard;
			sourceTree = "<group>";
		};
		A2703D971B5D5EA30067A054 /* Supporting Files */ = {
			isa = PBXGroup;
			children = (
				A2703D981B5D5EA30067A054 /* Info.plist */,
			);
			name = "Supporting Files";
			sourceTree = "<group>";
		};
		A2703DAC1B5D5EA30067A054 /* BasicCustomKeyboardTests */ = {
			isa = PBXGroup;
			children = (
				A2703DAF1B5D5EA30067A054 /* BasicCustomKeyboardTests.swift */,
				A2703DAD1B5D5EA30067A054 /* Supporting Files */,
			);
			path = BasicCustomKeyboardTests;
			sourceTree = "<group>";
		};
		A2703DAD1B5D5EA30067A054 /* Supporting Files */ = {
			isa = PBXGroup;
			children = (
				A2703DAE1B5D5EA30067A054 /* Info.plist */,
			);
			name = "Supporting Files";
			sourceTree = "<group>";
		};
		A2703DBE1B5D5F350067A054 /* BasicKeyboard */ = {
			isa = PBXGroup;
			children = (
				A2703DC11B5D5F350067A054 /* KeyboardViewController.swift */,
				A2703DBF1B5D5F350067A054 /* Supporting Files */,
			);
			path = BasicKeyboard;
			sourceTree = "<group>";
		};
		A2703DBF1B5D5F350067A054 /* Supporting Files */ = {
			isa = PBXGroup;
			children = (
				A2703DC01B5D5F350067A054 /* Info.plist */,
			);
			name = "Supporting Files";
			sourceTree = "<group>";
		};
/* End PBXGroup section */

/* Begin PBXNativeTarget section */
		A2703D931B5D5EA30067A054 /* BasicCustomKeyboard */ = {
			isa = PBXNativeTarget;
			buildConfigurationList = A2703DB31B5D5EA30067A054 /* Build configuration list for PBXNativeTarget "BasicCustomKeyboard" */;
			buildPhases = (
				A2703D901B5D5EA30067A054 /* Sources */,
				A2703D911B5D5EA30067A054 /* Frameworks */,
				A2703D921B5D5EA30067A054 /* Resources */,
				A2703DC91B5D5F350067A054 /* Embed App Extensions */,
			);
			buildRules = (
			);
			dependencies = (
				A2703DC41B5D5F350067A054 /* PBXTargetDependency */,
			);
			name = BasicCustomKeyboard;
			productName = BasicCustomKeyboard;
			productReference = A2703D941B5D5EA30067A054 /* BasicCustomKeyboard.app */;
			productType = "com.apple.product-type.application";
		};
		A2703DA81B5D5EA30067A054 /* BasicCustomKeyboardTests */ = {
			isa = PBXNativeTarget;
			buildConfigurationList = A2703DB61B5D5EA30067A054 /* Build configuration list for PBXNativeTarget "BasicCustomKeyboardTests" */;
			buildPhases = (
				A2703DA51B5D5EA30067A054 /* Sources */,
				A2703DA61B5D5EA30067A054 /* Frameworks */,
				A2703DA71B5D5EA30067A054 /* Resources */,
			);
			buildRules = (
			);
			dependencies = (
				A2703DAB1B5D5EA30067A054 /* PBXTargetDependency */,
			);
			name = BasicCustomKeyboardTests;
			productName = BasicCustomKeyboardTests;
			productReference = A2703DA91B5D5EA30067A054 /* BasicCustomKeyboardTests.xctest */;
			productType = "com.apple.product-type.bundle.unit-test";
		};
		A2703DBC1B5D5F350067A054 /* BasicKeyboard */ = {
			isa = PBXNativeTarget;
			buildConfigurationList = A2703DC61B5D5F350067A054 /* Build configuration list for PBXNativeTarget "BasicKeyboard" */;
			buildPhases = (
				A2703DB91B5D5F350067A054 /* Sources */,
				A2703DBA1B5D5F350067A054 /* Frameworks */,
				A2703DBB1B5D5F350067A054 /* Resources */,
			);
			buildRules = (
			);
			dependencies = (
			);
			name = BasicKeyboard;
			productName = BasicKeyboard;
			productReference = A2703DBD1B5D5F350067A054 /* BasicKeyboard.appex */;
			productType = "com.apple.product-type.app-extension";
		};
/* End PBXNativeTarget section */

/* Begin PBXProject section */
		A2703D8C1B5D5EA30067A054 /* Project object */ = {
			isa = PBXProject;
			attributes = {
				LastUpgradeCheck = 0640;
				ORGANIZATIONNAME = Hackbart;
				TargetAttributes = {
					A2703D931B5D5EA30067A054 = {
						CreatedOnToolsVersion = 6.4;
						DevelopmentTeam = XVM76XJP2V;
					};
					A2703DA81B5D5EA30067A054 = {
						CreatedOnToolsVersion = 6.4;
						TestTargetID = A2703D931B5D5EA30067A054;
					};
					A2703DBC1B5D5F350067A054 = {
						CreatedOnToolsVersion = 6.4;
						DevelopmentTeam = XVM76XJP2V;
					};
				};
			};
			buildConfigurationList = A2703D8F1B5D5EA30067A054 /* Build configuration list for PBXProject "BasicCustomKeyboard" */;
			compatibilityVersion = "Xcode 3.2";
			developmentRegion = English;
			hasScannedForEncodings = 0;
			knownRegions = (
				en,
				Base,
			);
			mainGroup = A2703D8B1B5D5EA30067A054;
			productRefGroup = A2703D951B5D5EA30067A054 /* Products */;
			projectDirPath = "";
			projectRoot = "";
			targets = (
				A2703D931B5D5EA30067A054 /* BasicCustomKeyboard */,
				A2703DA81B5D5EA30067A054 /* BasicCustomKeyboardTests */,
				A2703DBC1B5D5F350067A054 /* BasicKeyboard */,
			);
		};
/* End PBXProject section */

/* Begin PBXResourcesBuildPhase section */
		A2703D921B5D5EA30067A054 /* Resources */ = {
			isa = PBXResourcesBuildPhase;
			buildActionMask = 2147483647;
			files = (
				A2703D9F1B5D5EA30067A054 /* Main.storyboard in Resources */,
				A2703DA41B5D5EA30067A054 /* LaunchScreen.xib in Resources */,
				A2703DA11B5D5EA30067A054 /* Images.xcassets in Resources */,
			);
			runOnlyForDeploymentPostprocessing = 0;
		};
		A2703DA71B5D5EA30067A054 /* Resources */ = {
			isa = PBXResourcesBuildPhase;
			buildActionMask = 2147483647;
			files = (
			);
			runOnlyForDeploymentPostprocessing = 0;
		};
		A2703DBB1B5D5F350067A054 /* Resources */ = {
			isa = PBXResourcesBuildPhase;
			buildActionMask = 2147483647;
			files = (
			);
			runOnlyForDeploymentPostprocessing = 0;
		};
/* End PBXResourcesBuildPhase section */

/* Begin PBXSourcesBuildPhase section */
		A2703D901B5D5EA30067A054 /* Sources */ = {
			isa = PBXSourcesBuildPhase;
			buildActionMask = 2147483647;
			files = (
				A2703D9C1B5D5EA30067A054 /* ViewController.swift in Sources */,
				A2703D9A1B5D5EA30067A054 /* AppDelegate.swift in Sources */,
			);
			runOnlyForDeploymentPostprocessing = 0;
		};
		A2703DA51B5D5EA30067A054 /* Sources */ = {
			isa = PBXSourcesBuildPhase;
			buildActionMask = 2147483647;
			files = (
				A2703DB01B5D5EA30067A054 /* BasicCustomKeyboardTests.swift in Sources */,
			);
			runOnlyForDeploymentPostprocessing = 0;
		};
		A2703DB91B5D5F350067A054 /* Sources */ = {
			isa = PBXSourcesBuildPhase;
			buildActionMask = 2147483647;
			files = (
				A2703DC21B5D5F350067A054 /* KeyboardViewController.swift in Sources */,
			);
			runOnlyForDeploymentPostprocessing = 0;
		};
/* End PBXSourcesBuildPhase section */

/* Begin PBXTargetDependency section */
		A2703DAB1B5D5EA30067A054 /* PBXTargetDependency */ = {
			isa = PBXTargetDependency;
			target = A2703D931B5D5EA30067A054 /* BasicCustomKeyboard */;
			targetProxy = A2703DAA1B5D5EA30067A054 /* PBXContainerItemProxy */;
		};
		A2703DC41B5D5F350067A054 /* PBXTargetDependency */ = {
			isa = PBXTargetDependency;
			target = A2703DBC1B5D5F350067A054 /* BasicKeyboard */;
			targetProxy = A2703DC31B5D5F350067A054 /* PBXContainerItemProxy */;
		};
/* End PBXTargetDependency section */

/* Begin PBXVariantGroup section */
		A2703D9D1B5D5EA30067A054 /* Main.storyboard */ = {
			isa = PBXVariantGroup;
			children = (
				A2703D9E1B5D5EA30067A054 /* Base */,
			);
			name = Main.storyboard;
			sourceTree = "<group>";
		};
		A2703DA21B5D5EA30067A054 /* LaunchScreen.xib */ = {
			isa = PBXVariantGroup;
			children = (
				A2703DA31B5D5EA30067A054 /* Base */,
			);
			name = LaunchScreen.xib;
			sourceTree = "<group>";
		};
/* End PBXVariantGroup section */

/* Begin XCBuildConfiguration section */
		A2703DB11B5D5EA30067A054 /* Debug */ = {
			isa = XCBuildConfiguration;
			buildSettings = {
				ALWAYS_SEARCH_USER_PATHS = NO;
				CLANG_CXX_LANGUAGE_STANDARD = "gnu++0x";
				CLANG_CXX_LIBRARY = "libc++";
				CLANG_ENABLE_MODULES = YES;
				CLANG_ENABLE_OBJC_ARC = YES;
				CLANG_WARN_BOOL_CONVERSION = YES;
				CLANG_WARN_CONSTANT_CONVERSION = YES;
				CLANG_WARN_DIRECT_OBJC_ISA_USAGE = YES_ERROR;
				CLANG_WARN_EMPTY_BODY = YES;
				CLANG_WARN_ENUM_CONVERSION = YES;
				CLANG_WARN_INT_CONVERSION = YES;
				CLANG_WARN_OBJC_ROOT_CLASS = YES_ERROR;
				CLANG_WARN_UNREACHABLE_CODE = YES;
				CLANG_WARN__DUPLICATE_METHOD_MATCH = YES;
				"CODE_SIGN_IDENTITY[sdk=iphoneos*]" = "iPhone Developer";
				COPY_PHASE_STRIP = NO;
				DEBUG_INFORMATION_FORMAT = "dwarf-with-dsym";
				ENABLE_STRICT_OBJC_MSGSEND = YES;
				GCC_C_LANGUAGE_STANDARD = gnu99;
				GCC_DYNAMIC_NO_PIC = NO;
				GCC_NO_COMMON_BLOCKS = YES;
				GCC_OPTIMIZATION_LEVEL = 0;
				GCC_PREPROCESSOR_DEFINITIONS = (
					"DEBUG=1",
					"$(inherited)",
				);
				GCC_SYMBOLS_PRIVATE_EXTERN = NO;
				GCC_WARN_64_TO_32_BIT_CONVERSION = YES;
				GCC_WARN_ABOUT_RETURN_TYPE = YES_ERROR;
				GCC_WARN_UNDECLARED_SELECTOR = YES;
				GCC_WARN_UNINITIALIZED_AUTOS = YES_AGGRESSIVE;
				GCC_WARN_UNUSED_FUNCTION = YES;
				GCC_WARN_UNUSED_VARIABLE = YES;
				IPHONEOS_DEPLOYMENT_TARGET = 8.4;
				MTL_ENABLE_DEBUG_INFO = YES;
				ONLY_ACTIVE_ARCH = YES;
				SDKROOT = iphoneos;
				SWIFT_OPTIMIZATION_LEVEL = "-Onone";
			};
			name = Debug;
		};
		A2703DB21B5D5EA30067A054 /* Release */ = {
			isa = XCBuildConfiguration;
			buildSettings = {
				ALWAYS_SEARCH_USER_PATHS = NO;
				CLANG_CXX_LANGUAGE_STANDARD = "gnu++0x";
				CLANG_CXX_LIBRARY = "libc++";
				CLANG_ENABLE_MODULES = YES;
				CLANG_ENABLE_OBJC_ARC = YES;
				CLANG_WARN_BOOL_CONVERSION = YES;
				CLANG_WARN_CONSTANT_CONVERSION = YES;
				CLANG_WARN_DIRECT_OBJC_ISA_USAGE = YES_ERROR;
				CLANG_WARN_EMPTY_BODY = YES;
				CLANG_WARN_ENUM_CONVERSION = YES;
				CLANG_WARN_INT_CONVERSION = YES;
				CLANG_WARN_OBJC_ROOT_CLASS = YES_ERROR;
				CLANG_WARN_UNREACHABLE_CODE = YES;
				CLANG_WARN__DUPLICATE_METHOD_MATCH = YES;
				"CODE_SIGN_IDENTITY[sdk=iphoneos*]" = "iPhone Developer";
				COPY_PHASE_STRIP = NO;
				DEBUG_INFORMATION_FORMAT = "dwarf-with-dsym";
				ENABLE_NS_ASSERTIONS = NO;
				ENABLE_STRICT_OBJC_MSGSEND = YES;
				GCC_C_LANGUAGE_STANDARD = gnu99;
				GCC_NO_COMMON_BLOCKS = YES;
				GCC_WARN_64_TO_32_BIT_CONVERSION = YES;
				GCC_WARN_ABOUT_RETURN_TYPE = YES_ERROR;
				GCC_WARN_UNDECLARED_SELECTOR = YES;
				GCC_WARN_UNINITIALIZED_AUTOS = YES_AGGRESSIVE;
				GCC_WARN_UNUSED_FUNCTION = YES;
				GCC_WARN_UNUSED_VARIABLE = YES;
				IPHONEOS_DEPLOYMENT_TARGET = 8.4;
				MTL_ENABLE_DEBUG_INFO = NO;
				SDKROOT = iphoneos;
				VALIDATE_PRODUCT = YES;
			};
			name = Release;
		};
		A2703DB41B5D5EA30067A054 /* Debug */ = {
			isa = XCBuildConfiguration;
			buildSettings = {
				ASSETCATALOG_COMPILER_APPICON_NAME = AppIcon;
				CODE_SIGN_IDENTITY = "iPhone Developer";
				INFOPLIST_FILE = BasicCustomKeyboard/Info.plist;
				LD_RUNPATH_SEARCH_PATHS = "$(inherited) @executable_path/Frameworks";
				PRODUCT_NAME = "$(TARGET_NAME)";
				TARGETED_DEVICE_FAMILY = 1;
			};
			name = Debug;
		};
		A2703DB51B5D5EA30067A054 /* Release */ = {
			isa = XCBuildConfiguration;
			buildSettings = {
				ASSETCATALOG_COMPILER_APPICON_NAME = AppIcon;
				CODE_SIGN_IDENTITY = "iPhone Developer";
				INFOPLIST_FILE = BasicCustomKeyboard/Info.plist;
				LD_RUNPATH_SEARCH_PATHS = "$(inherited) @executable_path/Frameworks";
				PRODUCT_NAME = "$(TARGET_NAME)";
				TARGETED_DEVICE_FAMILY = 1;
			};
			name = Release;
		};
		A2703DB71B5D5EA30067A054 /* Debug */ = {
			isa = XCBuildConfiguration;
			buildSettings = {
				BUNDLE_LOADER = "$(TEST_HOST)";
				FRAMEWORK_SEARCH_PATHS = (
					"$(SDKROOT)/Developer/Library/Frameworks",
					"$(inherited)",
				);
				GCC_PREPROCESSOR_DEFINITIONS = (
					"DEBUG=1",
					"$(inherited)",
				);
				INFOPLIST_FILE = BasicCustomKeyboardTests/Info.plist;
				LD_RUNPATH_SEARCH_PATHS = "$(inherited) @executable_path/Frameworks @loader_path/Frameworks";
				PRODUCT_NAME = "$(TARGET_NAME)";
				TEST_HOST = "$(BUILT_PRODUCTS_DIR)/BasicCustomKeyboard.app/BasicCustomKeyboard";
			};
			name = Debug;
		};
		A2703DB81B5D5EA30067A054 /* Release */ = {
			isa = XCBuildConfiguration;
			buildSettings = {
				BUNDLE_LOADER = "$(TEST_HOST)";
				FRAMEWORK_SEARCH_PATHS = (
					"$(SDKROOT)/Developer/Library/Frameworks",
					"$(inherited)",
				);
				INFOPLIST_FILE = BasicCustomKeyboardTests/Info.plist;
				LD_RUNPATH_SEARCH_PATHS = "$(inherited) @executable_path/Frameworks @loader_path/Frameworks";
				PRODUCT_NAME = "$(TARGET_NAME)";
				TEST_HOST = "$(BUILT_PRODUCTS_DIR)/BasicCustomKeyboard.app/BasicCustomKeyboard";
			};
			name = Release;
		};
		A2703DC71B5D5F350067A054 /* Debug */ = {
			isa = XCBuildConfiguration;
			buildSettings = {
				CODE_SIGN_IDENTITY = "iPhone Developer";
				"CODE_SIGN_IDENTITY[sdk=iphoneos*]" = "iPhone Developer";
				GCC_PREPROCESSOR_DEFINITIONS = (
					"DEBUG=1",
					"$(inherited)",
				);
				INFOPLIST_FILE = BasicKeyboard/Info.plist;
				LD_RUNPATH_SEARCH_PATHS = "$(inherited) @executable_path/Frameworks @executable_path/../../Frameworks";
				PRODUCT_NAME = "$(TARGET_NAME)";
				PROVISIONING_PROFILE = "";
				SKIP_INSTALL = YES;
			};
			name = Debug;
		};
		A2703DC81B5D5F350067A054 /* Release */ = {
			isa = XCBuildConfiguration;
			buildSettings = {
				CODE_SIGN_IDENTITY = "iPhone Developer";
				"CODE_SIGN_IDENTITY[sdk=iphoneos*]" = "iPhone Developer";
				INFOPLIST_FILE = BasicKeyboard/Info.plist;
				LD_RUNPATH_SEARCH_PATHS = "$(inherited) @executable_path/Frameworks @executable_path/../../Frameworks";
				PRODUCT_NAME = "$(TARGET_NAME)";
				PROVISIONING_PROFILE = "";
				SKIP_INSTALL = YES;
			};
			name = Release;
		};
/* End XCBuildConfiguration section */

/* Begin XCConfigurationList section */
		A2703D8F1B5D5EA30067A054 /* Build configuration list for PBXProject "BasicCustomKeyboard" */ = {
			isa = XCConfigurationList;
			buildConfigurations = (
				A2703DB11B5D5EA30067A054 /* Debug */,
				A2703DB21B5D5EA30067A054 /* Release */,
			);
			defaultConfigurationIsVisible = 0;
			defaultConfigurationName = Release;
		};
		A2703DB31B5D5EA30067A054 /* Build configuration list for PBXNativeTarget "BasicCustomKeyboard" */ = {
			isa = XCConfigurationList;
			buildConfigurations = (
				A2703DB41B5D5EA30067A054 /* Debug */,
				A2703DB51B5D5EA30067A054 /* Release */,
			);
			defaultConfigurationIsVisible = 0;
		};
		A2703DB61B5D5EA30067A054 /* Build configuration list for PBXNativeTarget "BasicCustomKeyboardTests" */ = {
			isa = XCConfigurationList;
			buildConfigurations = (
				A2703DB71B5D5EA30067A054 /* Debug */,
				A2703DB81B5D5EA30067A054 /* Release */,
			);
			defaultConfigurationIsVisible = 0;
		};
		A2703DC61B5D5F350067A054 /* Build configuration list for PBXNativeTarget "BasicKeyboard" */ = {
			isa = XCConfigurationList;
			buildConfigurations = (
				A2703DC71B5D5F350067A054 /* Debug */,
				A2703DC81B5D5F350067A054 /* Release */,
			);
			defaultConfigurationIsVisible = 0;
		};
/* End XCConfigurationList section */
	};
	rootObject = A2703D8C1B5D5EA30067A054 /* Project object */;
}
